
Microsoft Visual Studio Solution File, Format Version 12.00
# Visual Studio Version 17
VisualStudioVersion = 17.3.32825.248
MinimumVisualStudioVersion = 10.0.40219.1
Project("{FAE04EC0-301F-11D3-BF4B-00C04F79EFBC}") = "Adventure", "Adventure\Adventure.csproj", "{A06A5A27-BA9D-4D93-BCB6-0055BCC5BA50}"
EndProject
Global
	GlobalSection(SolutionConfigurationPlatforms) = preSolution
		Debug|Any CPU = Debug|Any CPU
		Release|Any CPU = Release|Any CPU
	EndGlobalSection
	GlobalSection(ProjectConfigurationPlatforms) = postSolution
		{A06A5A27-BA9D-4D93-BCB6-0055BCC5BA50}.Debug|Any CPU.ActiveCfg = Debug|Any CPU
		{A06A5A27-BA9D-4D93-BCB6-0055BCC5BA50}.Debug|Any CPU.Build.0 = Debug|Any CPU
		{A06A5A27-BA9D-4D93-BCB6-0055BCC5BA50}.Release|Any CPU.ActiveCfg = Release|Any CPU
		{A06A5A27-BA9D-4D93-BCB6-0055BCC5BA50}.Release|Any CPU.Build.0 = Release|Any CPU
	EndGlobalSection
	GlobalSection(SolutionProperties) = preSolution
		HideSolutionNode = FALSE
	EndGlobalSection
	GlobalSection(ExtensibilityGlobals) = postSolution
		SolutionGuid = {783C1EDA-4995-490F-AF28-1531C1D8730A}
	EndGlobalSection
EndGlobal
